
Microsoft Visual Studio Solution File, Format Version 12.00
# Visual Studio Version 16
VisualStudioVersion = 16.0.31424.327
MinimumVisualStudioVersion = 10.0.40219.1
Project("{FAE04EC0-301F-11D3-BF4B-00C04F79EFBC}") = "PerpusAppWeb", "PerpusAppWeb\PerpusAppWeb.csproj", "{5144F07B-FF9F-4416-90A2-B2EA844197FE}"
EndProject
Global
	GlobalSection(SolutionConfigurationPlatforms) = preSolution
		Debug|Any CPU = Debug|Any CPU
		Release|Any CPU = Release|Any CPU
	EndGlobalSection
	GlobalSection(ProjectConfigurationPlatforms) = postSolution
		{5144F07B-FF9F-4416-90A2-B2EA844197FE}.Debug|Any CPU.ActiveCfg = Debug|Any CPU
		{5144F07B-FF9F-4416-90A2-B2EA844197FE}.Debug|Any CPU.Build.0 = Debug|Any CPU
		{5144F07B-FF9F-4416-90A2-B2EA844197FE}.Release|Any CPU.ActiveCfg = Release|Any CPU
		{5144F07B-FF9F-4416-90A2-B2EA844197FE}.Release|Any CPU.Build.0 = Release|Any CPU
	EndGlobalSection
	GlobalSection(SolutionProperties) = preSolution
		HideSolutionNode = FALSE
	EndGlobalSection
	GlobalSection(ExtensibilityGlobals) = postSolution
		SolutionGuid = {A974E3B7-DBED-49AD-AB23-6DBB4F5DED4F}
	EndGlobalSection
EndGlobal
